
Microsoft Visual Studio Solution File, Format Version 12.00
# Visual Studio 2013
VisualStudioVersion = 12.0.30501.0
MinimumVisualStudioVersion = 10.0.40219.1
Project("{FAE04EC0-301F-11D3-BF4B-00C04F79EFBC}") = "bioscoop_v1", "bioscoop_v1\bioscoop_v1.csproj", "{4F05B9EB-8382-4557-BDA2-93553F313227}"
EndProject
Project("{FAE04EC0-301F-11D3-BF4B-00C04F79EFBC}") = "bioscoop_v1.Tests", "bioscoop_v1.Tests\bioscoop_v1.Tests.csproj", "{83EBF73E-0B8B-4F5D-B82E-249ABBD1DCE3}"
EndProject
Global
	GlobalSection(SolutionConfigurationPlatforms) = preSolution
		Debug|Any CPU = Debug|Any CPU
		Release|Any CPU = Release|Any CPU
	EndGlobalSection
	GlobalSection(ProjectConfigurationPlatforms) = postSolution
		{4F05B9EB-8382-4557-BDA2-93553F313227}.Debug|Any CPU.ActiveCfg = Debug|Any CPU
		{4F05B9EB-8382-4557-BDA2-93553F313227}.Debug|Any CPU.Build.0 = Debug|Any CPU
		{4F05B9EB-8382-4557-BDA2-93553F313227}.Release|Any CPU.ActiveCfg = Release|Any CPU
		{4F05B9EB-8382-4557-BDA2-93553F313227}.Release|Any CPU.Build.0 = Release|Any CPU
		{83EBF73E-0B8B-4F5D-B82E-249ABBD1DCE3}.Debug|Any CPU.ActiveCfg = Debug|Any CPU
		{83EBF73E-0B8B-4F5D-B82E-249ABBD1DCE3}.Debug|Any CPU.Build.0 = Debug|Any CPU
		{83EBF73E-0B8B-4F5D-B82E-249ABBD1DCE3}.Release|Any CPU.ActiveCfg = Release|Any CPU
		{83EBF73E-0B8B-4F5D-B82E-249ABBD1DCE3}.Release|Any CPU.Build.0 = Release|Any CPU
	EndGlobalSection
	GlobalSection(SolutionProperties) = preSolution
		HideSolutionNode = FALSE
	EndGlobalSection
EndGlobal
